<?xml version="1.0" encoding="UTF-8" standalone="yes" ?>
<CodeBlocks_project_file>
	<FileVersion major="1" minor="6" />
	<Project>
		<Option title="MainAssign" />
		<Option pch_mode="2" />
		<Option compiler="gcc" />
		<Build>
			<Target title="Debug">
				<Option output="bin/Debug/MainAssign" prefix_auto="1" extension_auto="1" />
				<Option object_output="obj/Debug/" />
				<Option type="1" />
				<Option compiler="gcc" />
				<Compiler>
					<Add option="-g" />
					<Add directory="include/ui" />
					<Add directory="include/service" />
					<Add directory="include/model" />
				</Compiler>
			</Target>
			<Target title="Release">
				<Option output="bin/Release/MainAssign" prefix_auto="1" extension_auto="1" />
				<Option object_output="obj/Release/" />
				<Option type="1" />
				<Option compiler="gcc" />
				<Compiler>
					<Add option="-O2" />
					<Add directory="include/ui" />
					<Add directory="include/service" />
					<Add directory="include/model" />
				</Compiler>
				<Linker>
					<Add option="-s" />
				</Linker>
			</Target>
		</Build>
		<Compiler>
			<Add option="-Wall" />
			<Add option="-fexceptions" />
		</Compiler>
		<Unit filename="include/model/Pizza.h" />
		<Unit filename="include/service/MenuService.h" />
		<Unit filename="include/service/ToppingService.h" />
		<Unit filename="include/ui/AlphaLoginUI.h" />
		<Unit filename="include/ui/LoginUI.h" />
		<Unit filename="main.cpp" />
		<Unit filename="src/model/Pizza.cpp" />
		<Unit filename="src/service/MenuService.cpp" />
		<Unit filename="src/service/ToppingService.cpp" />
		<Unit filename="src/ui/AlphaLoginUI.cpp" />
		<Unit filename="src/ui/LoginUI.cpp" />
		<Extensions>
			<code_completion />
			<envvars />
			<debugger />
		</Extensions>
	</Project>
</CodeBlocks_project_file>
